// !$*UTF8*$!
{
	archiveVersion = 1;
	classes = {
	};
	objectVersion = 46;
	objects = {

/* Begin PBXBuildFile section */
		09490C831C3FABA90040B981 /* EUExMobSMS.h in CopyFiles */ = {isa = PBXBuildFile; fileRef = 09490C821C3FABA90040B981 /* EUExMobSMS.h */; };
		09490C851C3FABA90040B981 /* EUExMobSMS.m in Sources */ = {isa = PBXBuildFile; fileRef = 09490C841C3FABA90040B981 /* EUExMobSMS.m */; };
		215551601D3F0E230011F6D1 /* AppCanKit.framework in Frameworks */ = {isa = PBXBuildFile; fileRef = 2155515F1D3F0E230011F6D1 /* AppCanKit.framework */; };
		3C65DE681E0CB51200D1714A /* MOBFoundation.framework in Frameworks */ = {isa = PBXBuildFile; fileRef = 3C65DE651E0CB51200D1714A /* MOBFoundation.framework */; };
		3C65DE691E0CB51200D1714A /* MOBFoundationEx.framework in Frameworks */ = {isa = PBXBuildFile; fileRef = 3C65DE661E0CB51200D1714A /* MOBFoundationEx.framework */; };
		3C65DE6A1E0CB51200D1714A /* SMS_SDK.framework in Frameworks */ = {isa = PBXBuildFile; fileRef = 3C65DE671E0CB51200D1714A /* SMS_SDK.framework */; };
/* End PBXBuildFile section */

/* Begin PBXCopyFilesBuildPhase section */
		09490C7D1C3FABA90040B981 /* CopyFiles */ = {
			isa = PBXCopyFilesBuildPhase;
			buildActionMask = 2147483647;
			dstPath = "include/$(PRODUCT_NAME)";
			dstSubfolderSpec = 16;
			files = (
				09490C831C3FABA90040B981 /* EUExMobSMS.h in CopyFiles */,
			);
			runOnlyForDeploymentPostprocessing = 0;
		};
/* End PBXCopyFilesBuildPhase section */

/* Begin PBXFileReference section */
		09490C7F1C3FABA90040B981 /* libuexMobSMS.a */ = {isa = PBXFileReference; explicitFileType = archive.ar; includeInIndex = 0; path = libuexMobSMS.a; sourceTree = BUILT_PRODUCTS_DIR; };
		09490C821C3FABA90040B981 /* EUExMobSMS.h */ = {isa = PBXFileReference; lastKnownFileType = sourcecode.c.h; path = EUExMobSMS.h; sourceTree = "<group>"; };
		09490C841C3FABA90040B981 /* EUExMobSMS.m */ = {isa = PBXFileReference; lastKnownFileType = sourcecode.c.objc; path = EUExMobSMS.m; sourceTree = "<group>"; };
		094C96331C5B3230004F3EE6 /* EUExBaseDefine.h */ = {isa = PBXFileReference; fileEncoding = 4; lastKnownFileType = sourcecode.c.h; name = EUExBaseDefine.h; path = EUExMobSMS/engineHeader/EUExBaseDefine.h; sourceTree = SOURCE_ROOT; };
		094C96341C5B3235004F3EE6 /* EUtility.h */ = {isa = PBXFileReference; fileEncoding = 4; lastKnownFileType = sourcecode.c.h; name = EUtility.h; path = EUExMobSMS/engineHeader/EUtility.h; sourceTree = SOURCE_ROOT; };
		2155515F1D3F0E230011F6D1 /* AppCanKit.framework */ = {isa = PBXFileReference; lastKnownFileType = wrapper.framework; name = AppCanKit.framework; path = EUExMobSMS/sourceCode/AppCanKit.framework; sourceTree = SOURCE_ROOT; };
		3C65DE651E0CB51200D1714A /* MOBFoundation.framework */ = {isa = PBXFileReference; lastKnownFileType = wrapper.framework; name = MOBFoundation.framework; path = EUExMobSMS/sourceCode/MOBFoundation.framework; sourceTree = SOURCE_ROOT; };
		3C65DE661E0CB51200D1714A /* MOBFoundationEx.framework */ = {isa = PBXFileReference; lastKnownFileType = wrapper.framework; name = MOBFoundationEx.framework; path = EUExMobSMS/sourceCode/MOBFoundationEx.framework; sourceTree = SOURCE_ROOT; };
		3C65DE671E0CB51200D1714A /* SMS_SDK.framework */ = {isa = PBXFileReference; lastKnownFileType = wrapper.framework; name = SMS_SDK.framework; path = EUExMobSMS/sourceCode/SMS_SDK.framework; sourceTree = SOURCE_ROOT; };
/* End PBXFileReference section */

/* Begin PBXFrameworksBuildPhase section */
		09490C7C1C3FABA90040B981 /* Frameworks */ = {
			isa = PBXFrameworksBuildPhase;
			buildActionMask = 2147483647;
			files = (
				3C65DE681E0CB51200D1714A /* MOBFoundation.framework in Frameworks */,
				3C65DE6A1E0CB51200D1714A /* SMS_SDK.framework in Frameworks */,
				215551601D3F0E230011F6D1 /* AppCanKit.framework in Frameworks */,
				3C65DE691E0CB51200D1714A /* MOBFoundationEx.framework in Frameworks */,
			);
			runOnlyForDeploymentPostprocessing = 0;
		};
/* End PBXFrameworksBuildPhase section */

/* Begin PBXGroup section */
		09490C761C3FABA90040B981 = {
			isa = PBXGroup;
			children = (
				09490C941C3FAC780040B981 /* engineHeader */,
				09490C811C3FABA90040B981 /* EUExMobSMS */,
				09490C981C3FACB70040B981 /* sourceCode */,
				09490C801C3FABA90040B981 /* Products */,
			);
			sourceTree = "<group>";
		};
		09490C801C3FABA90040B981 /* Products */ = {
			isa = PBXGroup;
			children = (
				09490C7F1C3FABA90040B981 /* libuexMobSMS.a */,
			);
			name = Products;
			sourceTree = "<group>";
		};
		09490C811C3FABA90040B981 /* EUExMobSMS */ = {
			isa = PBXGroup;
			children = (
				09490C821C3FABA90040B981 /* EUExMobSMS.h */,
				09490C841C3FABA90040B981 /* EUExMobSMS.m */,
			);
			path = EUExMobSMS;
			sourceTree = "<group>";
		};
		09490C941C3FAC780040B981 /* engineHeader */ = {
			isa = PBXGroup;
			children = (
				094C96331C5B3230004F3EE6 /* EUExBaseDefine.h */,
				094C96341C5B3235004F3EE6 /* EUtility.h */,
			);
			path = engineHeader;
			sourceTree = "<group>";
		};
		09490C981C3FACB70040B981 /* sourceCode */ = {
			isa = PBXGroup;
			children = (
				3C65DE651E0CB51200D1714A /* MOBFoundation.framework */,
				3C65DE661E0CB51200D1714A /* MOBFoundationEx.framework */,
				3C65DE671E0CB51200D1714A /* SMS_SDK.framework */,
				2155515F1D3F0E230011F6D1 /* AppCanKit.framework */,
			);
			path = sourceCode;
			sourceTree = "<group>";
		};
/* End PBXGroup section */

/* Begin PBXNativeTarget section */
		09490C7E1C3FABA90040B981 /* EUExMobSMS */ = {
			isa = PBXNativeTarget;
			buildConfigurationList = 09490C881C3FABA90040B981 /* Build configuration list for PBXNativeTarget "EUExMobSMS" */;
			buildPhases = (
				09490C7B1C3FABA90040B981 /* Sources */,
				09490C7C1C3FABA90040B981 /* Frameworks */,
				09490C7D1C3FABA90040B981 /* CopyFiles */,
			);
			buildRules = (
			);
			dependencies = (
			);
			name = EUExMobSMS;
			productName = EUExMobSMS;
			productReference = 09490C7F1C3FABA90040B981 /* libuexMobSMS.a */;
			productType = "com.apple.product-type.library.static";
		};
/* End PBXNativeTarget section */

/* Begin PBXProject section */
		09490C771C3FABA90040B981 /* Project object */ = {
			isa = PBXProject;
			attributes = {
				LastUpgradeCheck = 0720;
				ORGANIZATIONNAME = "杨广";
				TargetAttributes = {
					09490C7E1C3FABA90040B981 = {
						CreatedOnToolsVersion = 7.2;
					};
				};
			};
			buildConfigurationList = 09490C7A1C3FABA90040B981 /* Build configuration list for PBXProject "EUExMobSMS" */;
			compatibilityVersion = "Xcode 3.2";
			developmentRegion = English;
			hasScannedForEncodings = 0;
			knownRegions = (
				en,
				"zh-Hans",
			);
			mainGroup = 09490C761C3FABA90040B981;
			productRefGroup = 09490C801C3FABA90040B981 /* Products */;
			projectDirPath = "";
			projectRoot = "";
			targets = (
				09490C7E1C3FABA90040B981 /* EUExMobSMS */,
			);
		};
/* End PBXProject section */

/* Begin PBXSourcesBuildPhase section */
		09490C7B1C3FABA90040B981 /* Sources */ = {
			isa = PBXSourcesBuildPhase;
			buildActionMask = 2147483647;
			files = (
				09490C851C3FABA90040B981 /* EUExMobSMS.m in Sources */,
			);
			runOnlyForDeploymentPostprocessing = 0;
		};
/* End PBXSourcesBuildPhase section */

/* Begin XCBuildConfiguration section */
		09490C861C3FABA90040B981 /* Debug */ = {
			isa = XCBuildConfiguration;
			buildSettings = {
				ALWAYS_SEARCH_USER_PATHS = NO;
				CLANG_CXX_LANGUAGE_STANDARD = "gnu++0x";
				CLANG_CXX_LIBRARY = "libc++";
				CLANG_ENABLE_MODULES = YES;
				CLANG_ENABLE_OBJC_ARC = YES;
				CLANG_WARN_BOOL_CONVERSION = YES;
				CLANG_WARN_CONSTANT_CONVERSION = YES;
				CLANG_WARN_DIRECT_OBJC_ISA_USAGE = YES_ERROR;
				CLANG_WARN_EMPTY_BODY = YES;
				CLANG_WARN_ENUM_CONVERSION = YES;
				CLANG_WARN_INT_CONVERSION = YES;
				CLANG_WARN_OBJC_ROOT_CLASS = YES_ERROR;
				CLANG_WARN_UNREACHABLE_CODE = YES;
				CLANG_WARN__DUPLICATE_METHOD_MATCH = YES;
				"CODE_SIGN_IDENTITY[sdk=iphoneos*]" = "iPhone Developer";
				COPY_PHASE_STRIP = NO;
				DEBUG_INFORMATION_FORMAT = dwarf;
				ENABLE_STRICT_OBJC_MSGSEND = YES;
				ENABLE_TESTABILITY = YES;
				GCC_C_LANGUAGE_STANDARD = gnu99;
				GCC_DYNAMIC_NO_PIC = NO;
				GCC_NO_COMMON_BLOCKS = YES;
				GCC_OPTIMIZATION_LEVEL = 0;
				GCC_PREPROCESSOR_DEFINITIONS = (
					"DEBUG=1",
					"$(inherited)",
				);
				GCC_WARN_64_TO_32_BIT_CONVERSION = YES;
				GCC_WARN_ABOUT_RETURN_TYPE = YES_ERROR;
				GCC_WARN_UNDECLARED_SELECTOR = YES;
				GCC_WARN_UNINITIALIZED_AUTOS = YES_AGGRESSIVE;
				GCC_WARN_UNUSED_FUNCTION = YES;
				GCC_WARN_UNUSED_VARIABLE = YES;
				IPHONEOS_DEPLOYMENT_TARGET = 9.2;
				MTL_ENABLE_DEBUG_INFO = YES;
				ONLY_ACTIVE_ARCH = YES;
				SDKROOT = iphoneos;
			};
			name = Debug;
		};
		09490C871C3FABA90040B981 /* Release */ = {
			isa = XCBuildConfiguration;
			buildSettings = {
				ALWAYS_SEARCH_USER_PATHS = NO;
				CLANG_CXX_LANGUAGE_STANDARD = "gnu++0x";
				CLANG_CXX_LIBRARY = "libc++";
				CLANG_ENABLE_MODULES = YES;
				CLANG_ENABLE_OBJC_ARC = YES;
				CLANG_WARN_BOOL_CONVERSION = YES;
				CLANG_WARN_CONSTANT_CONVERSION = YES;
				CLANG_WARN_DIRECT_OBJC_ISA_USAGE = YES_ERROR;
				CLANG_WARN_EMPTY_BODY = YES;
				CLANG_WARN_ENUM_CONVERSION = YES;
				CLANG_WARN_INT_CONVERSION = YES;
				CLANG_WARN_OBJC_ROOT_CLASS = YES_ERROR;
				CLANG_WARN_UNREACHABLE_CODE = YES;
				CLANG_WARN__DUPLICATE_METHOD_MATCH = YES;
				"CODE_SIGN_IDENTITY[sdk=iphoneos*]" = "iPhone Developer";
				COPY_PHASE_STRIP = NO;
				DEBUG_INFORMATION_FORMAT = "dwarf-with-dsym";
				ENABLE_NS_ASSERTIONS = NO;
				ENABLE_STRICT_OBJC_MSGSEND = YES;
				GCC_C_LANGUAGE_STANDARD = gnu99;
				GCC_NO_COMMON_BLOCKS = YES;
				GCC_WARN_64_TO_32_BIT_CONVERSION = YES;
				GCC_WARN_ABOUT_RETURN_TYPE = YES_ERROR;
				GCC_WARN_UNDECLARED_SELECTOR = YES;
				GCC_WARN_UNINITIALIZED_AUTOS = YES_AGGRESSIVE;
				GCC_WARN_UNUSED_FUNCTION = YES;
				GCC_WARN_UNUSED_VARIABLE = YES;
				IPHONEOS_DEPLOYMENT_TARGET = 9.2;
				MTL_ENABLE_DEBUG_INFO = NO;
				SDKROOT = iphoneos;
				VALIDATE_PRODUCT = YES;
			};
			name = Release;
		};
		09490C891C3FABA90040B981 /* Debug */ = {
			isa = XCBuildConfiguration;
			buildSettings = {
				CONFIGURATION_BUILD_DIR = $SRCROOT/uexMobSMS;
				FRAMEWORK_SEARCH_PATHS = (
					"$(inherited)",
					"$(PROJECT_DIR)/sourceCode/SMS_SDK",
					"$(PROJECT_DIR)/EUExMobSMS/sourceCode/SMS_SDK",
					"$(PROJECT_DIR)/EUExMobSMS/sourceCode",
				);
				OTHER_LDFLAGS = "-ObjC";
				PRODUCT_NAME = uexMobSMS;
				SKIP_INSTALL = YES;
			};
			name = Debug;
		};
		09490C8A1C3FABA90040B981 /* Release */ = {
			isa = XCBuildConfiguration;
			buildSettings = {
				CONFIGURATION_BUILD_DIR = $SRCROOT/uexMobSMS;
				FRAMEWORK_SEARCH_PATHS = (
					"$(inherited)",
					"$(PROJECT_DIR)/sourceCode/SMS_SDK",
					"$(PROJECT_DIR)/EUExMobSMS/sourceCode/SMS_SDK",
					"$(PROJECT_DIR)/EUExMobSMS/sourceCode",
				);
				OTHER_LDFLAGS = "-ObjC";
				PRODUCT_NAME = uexMobSMS;
				SKIP_INSTALL = YES;
			};
			name = Release;
		};
/* End XCBuildConfiguration section */

/* Begin XCConfigurationList section */
		09490C7A1C3FABA90040B981 /* Build configuration list for PBXProject "EUExMobSMS" */ = {
			isa = XCConfigurationList;
			buildConfigurations = (
				09490C861C3FABA90040B981 /* Debug */,
				09490C871C3FABA90040B981 /* Release */,
			);
			defaultConfigurationIsVisible = 0;
			defaultConfigurationName = Release;
		};
		09490C881C3FABA90040B981 /* Build configuration list for PBXNativeTarget "EUExMobSMS" */ = {
			isa = XCConfigurationList;
			buildConfigurations = (
				09490C891C3FABA90040B981 /* Debug */,
				09490C8A1C3FABA90040B981 /* Release */,
			);
			defaultConfigurationIsVisible = 0;
			defaultConfigurationName = Release;
		};
/* End XCConfigurationList section */
	};
	rootObject = 09490C771C3FABA90040B981 /* Project object */;
}
